
Microsoft Visual Studio Solution File, Format Version 12.00
# Visual Studio Version 16
VisualStudioVersion = 16.0.32602.291
MinimumVisualStudioVersion = 10.0.40219.1
Project("{FAE04EC0-301F-11D3-BF4B-00C04F79EFBC}") = "QuanLySinhVien", "QuanLySinhVien\QuanLySinhVien.csproj", "{015987C3-3BAD-4156-8289-BD13F205EF94}"
EndProject
Project("{FAE04EC0-301F-11D3-BF4B-00C04F79EFBC}") = "GUI_QuanLy", "GUI_QuanLy\GUI_QuanLy.csproj", "{B79DE0C3-2D05-4DAD-9082-F53AAE169A81}"
EndProject
Project("{FAE04EC0-301F-11D3-BF4B-00C04F79EFBC}") = "DAL_QuanLy", "DAL_QuanLy\DAL_QuanLy.csproj", "{7A140D0E-5D44-4B7B-98DE-64EACBFE9744}"
EndProject
Project("{FAE04EC0-301F-11D3-BF4B-00C04F79EFBC}") = "DTO_QuanLy", "DTO_QuanLy\DTO_QuanLy.csproj", "{D956139E-D91D-46BF-B2DF-E5C4B09218C1}"
EndProject
Project("{FAE04EC0-301F-11D3-BF4B-00C04F79EFBC}") = "BUS_QuanLy", "BUS_QuanLy\BUS_QuanLy.csproj", "{942808F0-A893-4F75-8B90-363716FBB11B}"
EndProject
Global
	GlobalSection(SolutionConfigurationPlatforms) = preSolution
		Debug|Any CPU = Debug|Any CPU
		Release|Any CPU = Release|Any CPU
	EndGlobalSection
	GlobalSection(ProjectConfigurationPlatforms) = postSolution
		{015987C3-3BAD-4156-8289-BD13F205EF94}.Debug|Any CPU.ActiveCfg = Debug|Any CPU
		{015987C3-3BAD-4156-8289-BD13F205EF94}.Debug|Any CPU.Build.0 = Debug|Any CPU
		{015987C3-3BAD-4156-8289-BD13F205EF94}.Release|Any CPU.ActiveCfg = Release|Any CPU
		{015987C3-3BAD-4156-8289-BD13F205EF94}.Release|Any CPU.Build.0 = Release|Any CPU
		{B79DE0C3-2D05-4DAD-9082-F53AAE169A81}.Debug|Any CPU.ActiveCfg = Debug|Any CPU
		{B79DE0C3-2D05-4DAD-9082-F53AAE169A81}.Debug|Any CPU.Build.0 = Debug|Any CPU
		{B79DE0C3-2D05-4DAD-9082-F53AAE169A81}.Release|Any CPU.ActiveCfg = Release|Any CPU
		{B79DE0C3-2D05-4DAD-9082-F53AAE169A81}.Release|Any CPU.Build.0 = Release|Any CPU
		{7A140D0E-5D44-4B7B-98DE-64EACBFE9744}.Debug|Any CPU.ActiveCfg = Debug|Any CPU
		{7A140D0E-5D44-4B7B-98DE-64EACBFE9744}.Debug|Any CPU.Build.0 = Debug|Any CPU
		{7A140D0E-5D44-4B7B-98DE-64EACBFE9744}.Release|Any CPU.ActiveCfg = Release|Any CPU
		{7A140D0E-5D44-4B7B-98DE-64EACBFE9744}.Release|Any CPU.Build.0 = Release|Any CPU
		{D956139E-D91D-46BF-B2DF-E5C4B09218C1}.Debug|Any CPU.ActiveCfg = Debug|Any CPU
		{D956139E-D91D-46BF-B2DF-E5C4B09218C1}.Debug|Any CPU.Build.0 = Debug|Any CPU
		{D956139E-D91D-46BF-B2DF-E5C4B09218C1}.Release|Any CPU.ActiveCfg = Release|Any CPU
		{D956139E-D91D-46BF-B2DF-E5C4B09218C1}.Release|Any CPU.Build.0 = Release|Any CPU
		{942808F0-A893-4F75-8B90-363716FBB11B}.Debug|Any CPU.ActiveCfg = Debug|Any CPU
		{942808F0-A893-4F75-8B90-363716FBB11B}.Debug|Any CPU.Build.0 = Debug|Any CPU
		{942808F0-A893-4F75-8B90-363716FBB11B}.Release|Any CPU.ActiveCfg = Release|Any CPU
		{942808F0-A893-4F75-8B90-363716FBB11B}.Release|Any CPU.Build.0 = Release|Any CPU
	EndGlobalSection
	GlobalSection(SolutionProperties) = preSolution
		HideSolutionNode = FALSE
	EndGlobalSection
	GlobalSection(ExtensibilityGlobals) = postSolution
		SolutionGuid = {5D9B23C7-4FC1-401B-AD13-01775355ED6A}
	EndGlobalSection
EndGlobal
